// !$*UTF8*$!
{
	archiveVersion = 1;
	classes = {
	};
	objectVersion = 46;
	objects = {

/* Begin PBXBuildFile section */
		9625FFCD1CCC68CB004F562F /* AppDelegate.swift in Sources */ = {isa = PBXBuildFile; fileRef = 9625FFCC1CCC68CB004F562F /* AppDelegate.swift */; };
		9625FFCF1CCC68CB004F562F /* ViewController.swift in Sources */ = {isa = PBXBuildFile; fileRef = 9625FFCE1CCC68CB004F562F /* ViewController.swift */; };
		9625FFD21CCC68CB004F562F /* Main.storyboard in Resources */ = {isa = PBXBuildFile; fileRef = 9625FFD01CCC68CB004F562F /* Main.storyboard */; };
		9625FFD41CCC68CB004F562F /* Assets.xcassets in Resources */ = {isa = PBXBuildFile; fileRef = 9625FFD31CCC68CB004F562F /* Assets.xcassets */; };
		9625FFD71CCC68CB004F562F /* LaunchScreen.storyboard in Resources */ = {isa = PBXBuildFile; fileRef = 9625FFD51CCC68CB004F562F /* LaunchScreen.storyboard */; };
/* End PBXBuildFile section */

/* Begin PBXFileReference section */
		9625FFC91CCC68CA004F562F /* Tarea_App_para_crear_una_pizza_desde_iPhone.app */ = {isa = PBXFileReference; explicitFileType = wrapper.application; includeInIndex = 0; path = Tarea_App_para_crear_una_pizza_desde_iPhone.app; sourceTree = BUILT_PRODUCTS_DIR; };
		9625FFCC1CCC68CB004F562F /* AppDelegate.swift */ = {isa = PBXFileReference; lastKnownFileType = sourcecode.swift; path = AppDelegate.swift; sourceTree = "<group>"; };
		9625FFCE1CCC68CB004F562F /* ViewController.swift */ = {isa = PBXFileReference; lastKnownFileType = sourcecode.swift; path = ViewController.swift; sourceTree = "<group>"; };
		9625FFD11CCC68CB004F562F /* Base */ = {isa = PBXFileReference; lastKnownFileType = file.storyboard; name = Base; path = Base.lproj/Main.storyboard; sourceTree = "<group>"; };
		9625FFD31CCC68CB004F562F /* Assets.xcassets */ = {isa = PBXFileReference; lastKnownFileType = folder.assetcatalog; path = Assets.xcassets; sourceTree = "<group>"; };
		9625FFD61CCC68CB004F562F /* Base */ = {isa = PBXFileReference; lastKnownFileType = file.storyboard; name = Base; path = Base.lproj/LaunchScreen.storyboard; sourceTree = "<group>"; };
		9625FFD81CCC68CB004F562F /* Info.plist */ = {isa = PBXFileReference; lastKnownFileType = text.plist.xml; path = Info.plist; sourceTree = "<group>"; };
/* End PBXFileReference section */

/* Begin PBXFrameworksBuildPhase section */
		9625FFC61CCC68CA004F562F /* Frameworks */ = {
			isa = PBXFrameworksBuildPhase;
			buildActionMask = 2147483647;
			files = (
			);
			runOnlyForDeploymentPostprocessing = 0;
		};
/* End PBXFrameworksBuildPhase section */

/* Begin PBXGroup section */
		9625FFC01CCC68CA004F562F = {
			isa = PBXGroup;
			children = (
				9625FFCB1CCC68CB004F562F /* Tarea_App_para_crear_una_pizza_desde_iPhone */,
				9625FFCA1CCC68CA004F562F /* Products */,
			);
			sourceTree = "<group>";
		};
		9625FFCA1CCC68CA004F562F /* Products */ = {
			isa = PBXGroup;
			children = (
				9625FFC91CCC68CA004F562F /* Tarea_App_para_crear_una_pizza_desde_iPhone.app */,
			);
			name = Products;
			sourceTree = "<group>";
		};
		9625FFCB1CCC68CB004F562F /* Tarea_App_para_crear_una_pizza_desde_iPhone */ = {
			isa = PBXGroup;
			children = (
				9625FFCC1CCC68CB004F562F /* AppDelegate.swift */,
				9625FFCE1CCC68CB004F562F /* ViewController.swift */,
				9625FFD01CCC68CB004F562F /* Main.storyboard */,
				9625FFD31CCC68CB004F562F /* Assets.xcassets */,
				9625FFD51CCC68CB004F562F /* LaunchScreen.storyboard */,
				9625FFD81CCC68CB004F562F /* Info.plist */,
			);
			path = Tarea_App_para_crear_una_pizza_desde_iPhone;
			sourceTree = "<group>";
		};
/* End PBXGroup section */

/* Begin PBXNativeTarget section */
		9625FFC81CCC68CA004F562F /* Tarea_App_para_crear_una_pizza_desde_iPhone */ = {
			isa = PBXNativeTarget;
			buildConfigurationList = 9625FFDB1CCC68CB004F562F /* Build configuration list for PBXNativeTarget "Tarea_App_para_crear_una_pizza_desde_iPhone" */;
			buildPhases = (
				9625FFC51CCC68CA004F562F /* Sources */,
				9625FFC61CCC68CA004F562F /* Frameworks */,
				9625FFC71CCC68CA004F562F /* Resources */,
			);
			buildRules = (
			);
			dependencies = (
			);
			name = Tarea_App_para_crear_una_pizza_desde_iPhone;
			productName = Tarea_App_para_crear_una_pizza_desde_iPhone;
			productReference = 9625FFC91CCC68CA004F562F /* Tarea_App_para_crear_una_pizza_desde_iPhone.app */;
			productType = "com.apple.product-type.application";
		};
/* End PBXNativeTarget section */

/* Begin PBXProject section */
		9625FFC11CCC68CA004F562F /* Project object */ = {
			isa = PBXProject;
			attributes = {
				LastSwiftUpdateCheck = 0730;
				LastUpgradeCheck = 0730;
				ORGANIZATIONNAME = Workstation;
				TargetAttributes = {
					9625FFC81CCC68CA004F562F = {
						CreatedOnToolsVersion = 7.3;
						DevelopmentTeam = WCQ477S6T7;
					};
				};
			};
			buildConfigurationList = 9625FFC41CCC68CA004F562F /* Build configuration list for PBXProject "Tarea_App_para_crear_una_pizza_desde_iPhone" */;
			compatibilityVersion = "Xcode 3.2";
			developmentRegion = English;
			hasScannedForEncodings = 0;
			knownRegions = (
				en,
				Base,
			);
			mainGroup = 9625FFC01CCC68CA004F562F;
			productRefGroup = 9625FFCA1CCC68CA004F562F /* Products */;
			projectDirPath = "";
			projectRoot = "";
			targets = (
				9625FFC81CCC68CA004F562F /* Tarea_App_para_crear_una_pizza_desde_iPhone */,
			);
		};
/* End PBXProject section */

/* Begin PBXResourcesBuildPhase section */
		9625FFC71CCC68CA004F562F /* Resources */ = {
			isa = PBXResourcesBuildPhase;
			buildActionMask = 2147483647;
			files = (
				9625FFD71CCC68CB004F562F /* LaunchScreen.storyboard in Resources */,
				9625FFD41CCC68CB004F562F /* Assets.xcassets in Resources */,
				9625FFD21CCC68CB004F562F /* Main.storyboard in Resources */,
			);
			runOnlyForDeploymentPostprocessing = 0;
		};
/* End PBXResourcesBuildPhase section */

/* Begin PBXSourcesBuildPhase section */
		9625FFC51CCC68CA004F562F /* Sources */ = {
			isa = PBXSourcesBuildPhase;
			buildActionMask = 2147483647;
			files = (
				9625FFCF1CCC68CB004F562F /* ViewController.swift in Sources */,
				9625FFCD1CCC68CB004F562F /* AppDelegate.swift in Sources */,
			);
			runOnlyForDeploymentPostprocessing = 0;
		};
/* End PBXSourcesBuildPhase section */

/* Begin PBXVariantGroup section */
		9625FFD01CCC68CB004F562F /* Main.storyboard */ = {
			isa = PBXVariantGroup;
			children = (
				9625FFD11CCC68CB004F562F /* Base */,
			);
			name = Main.storyboard;
			sourceTree = "<group>";
		};
		9625FFD51CCC68CB004F562F /* LaunchScreen.storyboard */ = {
			isa = PBXVariantGroup;
			children = (
				9625FFD61CCC68CB004F562F /* Base */,
			);
			name = LaunchScreen.storyboard;
			sourceTree = "<group>";
		};
/* End PBXVariantGroup section */

/* Begin XCBuildConfiguration section */
		9625FFD91CCC68CB004F562F /* Debug */ = {
			isa = XCBuildConfiguration;
			buildSettings = {
				ALWAYS_SEARCH_USER_PATHS = NO;
				CLANG_ANALYZER_NONNULL = YES;
				CLANG_CXX_LANGUAGE_STANDARD = "gnu++0x";
				CLANG_CXX_LIBRARY = "libc++";
				CLANG_ENABLE_MODULES = YES;
				CLANG_ENABLE_OBJC_ARC = YES;
				CLANG_WARN_BOOL_CONVERSION = YES;
				CLANG_WARN_CONSTANT_CONVERSION = YES;
				CLANG_WARN_DIRECT_OBJC_ISA_USAGE = YES_ERROR;
				CLANG_WARN_EMPTY_BODY = YES;
				CLANG_WARN_ENUM_CONVERSION = YES;
				CLANG_WARN_INT_CONVERSION = YES;
				CLANG_WARN_OBJC_ROOT_CLASS = YES_ERROR;
				CLANG_WARN_UNREACHABLE_CODE = YES;
				CLANG_WARN__DUPLICATE_METHOD_MATCH = YES;
				"CODE_SIGN_IDENTITY[sdk=iphoneos*]" = "iPhone Developer";
				COPY_PHASE_STRIP = NO;
				DEBUG_INFORMATION_FORMAT = dwarf;
				ENABLE_STRICT_OBJC_MSGSEND = YES;
				ENABLE_TESTABILITY = YES;
				GCC_C_LANGUAGE_STANDARD = gnu99;
				GCC_DYNAMIC_NO_PIC = NO;
				GCC_NO_COMMON_BLOCKS = YES;
				GCC_OPTIMIZATION_LEVEL = 0;
				GCC_PREPROCESSOR_DEFINITIONS = (
					"DEBUG=1",
					"$(inherited)",
				);
				GCC_WARN_64_TO_32_BIT_CONVERSION = YES;
				GCC_WARN_ABOUT_RETURN_TYPE = YES_ERROR;
				GCC_WARN_UNDECLARED_SELECTOR = YES;
				GCC_WARN_UNINITIALIZED_AUTOS = YES_AGGRESSIVE;
				GCC_WARN_UNUSED_FUNCTION = YES;
				GCC_WARN_UNUSED_VARIABLE = YES;
				IPHONEOS_DEPLOYMENT_TARGET = 9.3;
				MTL_ENABLE_DEBUG_INFO = YES;
				ONLY_ACTIVE_ARCH = YES;
				SDKROOT = iphoneos;
				SWIFT_OPTIMIZATION_LEVEL = "-Onone";
				TARGETED_DEVICE_FAMILY = "1,2";
			};
			name = Debug;
		};
		9625FFDA1CCC68CB004F562F /* Release */ = {
			isa = XCBuildConfiguration;
			buildSettings = {
				ALWAYS_SEARCH_USER_PATHS = NO;
				CLANG_ANALYZER_NONNULL = YES;
				CLANG_CXX_LANGUAGE_STANDARD = "gnu++0x";
				CLANG_CXX_LIBRARY = "libc++";
				CLANG_ENABLE_MODULES = YES;
				CLANG_ENABLE_OBJC_ARC = YES;
				CLANG_WARN_BOOL_CONVERSION = YES;
				CLANG_WARN_CONSTANT_CONVERSION = YES;
				CLANG_WARN_DIRECT_OBJC_ISA_USAGE = YES_ERROR;
				CLANG_WARN_EMPTY_BODY = YES;
				CLANG_WARN_ENUM_CONVERSION = YES;
				CLANG_WARN_INT_CONVERSION = YES;
				CLANG_WARN_OBJC_ROOT_CLASS = YES_ERROR;
				CLANG_WARN_UNREACHABLE_CODE = YES;
				CLANG_WARN__DUPLICATE_METHOD_MATCH = YES;
				"CODE_SIGN_IDENTITY[sdk=iphoneos*]" = "iPhone Developer";
				COPY_PHASE_STRIP = NO;
				DEBUG_INFORMATION_FORMAT = "dwarf-with-dsym";
				ENABLE_NS_ASSERTIONS = NO;
				ENABLE_STRICT_OBJC_MSGSEND = YES;
				GCC_C_LANGUAGE_STANDARD = gnu99;
				GCC_NO_COMMON_BLOCKS = YES;
				GCC_WARN_64_TO_32_BIT_CONVERSION = YES;
				GCC_WARN_ABOUT_RETURN_TYPE = YES_ERROR;
				GCC_WARN_UNDECLARED_SELECTOR = YES;
				GCC_WARN_UNINITIALIZED_AUTOS = YES_AGGRESSIVE;
				GCC_WARN_UNUSED_FUNCTION = YES;
				GCC_WARN_UNUSED_VARIABLE = YES;
				IPHONEOS_DEPLOYMENT_TARGET = 9.3;
				MTL_ENABLE_DEBUG_INFO = NO;
				SDKROOT = iphoneos;
				TARGETED_DEVICE_FAMILY = "1,2";
				VALIDATE_PRODUCT = YES;
			};
			name = Release;
		};
		9625FFDC1CCC68CB004F562F /* Debug */ = {
			isa = XCBuildConfiguration;
			buildSettings = {
				ASSETCATALOG_COMPILER_APPICON_NAME = AppIcon;
				INFOPLIST_FILE = Tarea_App_para_crear_una_pizza_desde_iPhone/Info.plist;
				LD_RUNPATH_SEARCH_PATHS = "$(inherited) @executable_path/Frameworks";
				PRODUCT_BUNDLE_IDENTIFIER = "com.aget.Tarea-App-para-crear-una-pizza-desde-iPhone";
				PRODUCT_NAME = "$(TARGET_NAME)";
			};
			name = Debug;
		};
		9625FFDD1CCC68CB004F562F /* Release */ = {
			isa = XCBuildConfiguration;
			buildSettings = {
				ASSETCATALOG_COMPILER_APPICON_NAME = AppIcon;
				INFOPLIST_FILE = Tarea_App_para_crear_una_pizza_desde_iPhone/Info.plist;
				LD_RUNPATH_SEARCH_PATHS = "$(inherited) @executable_path/Frameworks";
				PRODUCT_BUNDLE_IDENTIFIER = "com.aget.Tarea-App-para-crear-una-pizza-desde-iPhone";
				PRODUCT_NAME = "$(TARGET_NAME)";
			};
			name = Release;
		};
/* End XCBuildConfiguration section */

/* Begin XCConfigurationList section */
		9625FFC41CCC68CA004F562F /* Build configuration list for PBXProject "Tarea_App_para_crear_una_pizza_desde_iPhone" */ = {
			isa = XCConfigurationList;
			buildConfigurations = (
				9625FFD91CCC68CB004F562F /* Debug */,
				9625FFDA1CCC68CB004F562F /* Release */,
			);
			defaultConfigurationIsVisible = 0;
			defaultConfigurationName = Release;
		};
		9625FFDB1CCC68CB004F562F /* Build configuration list for PBXNativeTarget "Tarea_App_para_crear_una_pizza_desde_iPhone" */ = {
			isa = XCConfigurationList;
			buildConfigurations = (
				9625FFDC1CCC68CB004F562F /* Debug */,
				9625FFDD1CCC68CB004F562F /* Release */,
			);
			defaultConfigurationIsVisible = 0;
		};
/* End XCConfigurationList section */
	};
	rootObject = 9625FFC11CCC68CA004F562F /* Project object */;
}
